
Microsoft Visual Studio Solution File, Format Version 12.00
# Visual Studio Version 17
VisualStudioVersion = 17.0.31717.71
MinimumVisualStudioVersion = 10.0.40219.1
Project("{8BC9CEB8-8B4A-11D0-8D11-00A0C91BC942}") = "EnumProcesses", "EnumProcesses\EnumProcesses.vcxproj", "{E38B717B-6716-456F-961C-3ECAC877A9B8}"
EndProject
Global
	GlobalSection(SolutionConfigurationPlatforms) = preSolution
		Debug|x64 = Debug|x64
		Debug|x86 = Debug|x86
		Release|x64 = Release|x64
		Release|x86 = Release|x86
	EndGlobalSection
	GlobalSection(ProjectConfigurationPlatforms) = postSolution
		{E38B717B-6716-456F-961C-3ECAC877A9B8}.Debug|x64.ActiveCfg = Debug|x64
		{E38B717B-6716-456F-961C-3ECAC877A9B8}.Debug|x64.Build.0 = Debug|x64
		{E38B717B-6716-456F-961C-3ECAC877A9B8}.Debug|x86.ActiveCfg = Debug|Win32
		{E38B717B-6716-456F-961C-3ECAC877A9B8}.Debug|x86.Build.0 = Debug|Win32
		{E38B717B-6716-456F-961C-3ECAC877A9B8}.Release|x64.ActiveCfg = Release|x64
		{E38B717B-6716-456F-961C-3ECAC877A9B8}.Release|x64.Build.0 = Release|x64
		{E38B717B-6716-456F-961C-3ECAC877A9B8}.Release|x86.ActiveCfg = Release|Win32
		{E38B717B-6716-456F-961C-3ECAC877A9B8}.Release|x86.Build.0 = Release|Win32
	EndGlobalSection
	GlobalSection(SolutionProperties) = preSolution
		HideSolutionNode = FALSE
	EndGlobalSection
	GlobalSection(ExtensibilityGlobals) = postSolution
		SolutionGuid = {5D56B7F7-6706-456D-AFD3-E11FEF4852A5}
	EndGlobalSection
EndGlobal
